{
  "lockfileVersion": 1,
  "configVersion": 1,
  "workspaces": {
    "": {
      "name": "js-voting-system",
      "dependencies": {
        "hono": "^4.0.0",
      },
    },
  },
  "packages": {
    "hono": ["hono@4.11.0", "", {}, "sha512-Jg8uZzN2ul8/qlyid5FO8O624F3AK0wKtkgoeEON1qBum1rM1itYBxoMKu/1SPJC7F1+xlIZsJMmc4HHhJ1AWg=="],
  }
}
